
Microsoft Visual Studio Solution File, Format Version 12.00
Project("{FAE04EC0-301F-11D3-BF4B-00C04F79EFBC}") = "Backend", "Backend\Backend.csproj", "{5CD371D2-47BD-4F0B-9704-CAC8BD6C7DFF}"
EndProject
Project("{FAE04EC0-301F-11D3-BF4B-00C04F79EFBC}") = "Core", "Core\Core.csproj", "{2DE11DAB-9584-46BC-8C17-B8AD7791CAB2}"
EndProject
Project("{FAE04EC0-301F-11D3-BF4B-00C04F79EFBC}") = "Frontend", "Frontend\Frontend.csproj", "{C13EC459-9A82-49F3-945B-BE49C70FECF6}"
EndProject
Global
	GlobalSection(SolutionConfigurationPlatforms) = preSolution
		Debug|Any CPU = Debug|Any CPU
		Release|Any CPU = Release|Any CPU
	EndGlobalSection
	GlobalSection(ProjectConfigurationPlatforms) = postSolution
		{5CD371D2-47BD-4F0B-9704-CAC8BD6C7DFF}.Debug|Any CPU.ActiveCfg = Debug|Any CPU
		{5CD371D2-47BD-4F0B-9704-CAC8BD6C7DFF}.Debug|Any CPU.Build.0 = Debug|Any CPU
		{5CD371D2-47BD-4F0B-9704-CAC8BD6C7DFF}.Release|Any CPU.ActiveCfg = Release|Any CPU
		{5CD371D2-47BD-4F0B-9704-CAC8BD6C7DFF}.Release|Any CPU.Build.0 = Release|Any CPU
		{2DE11DAB-9584-46BC-8C17-B8AD7791CAB2}.Debug|Any CPU.ActiveCfg = Debug|Any CPU
		{2DE11DAB-9584-46BC-8C17-B8AD7791CAB2}.Debug|Any CPU.Build.0 = Debug|Any CPU
		{2DE11DAB-9584-46BC-8C17-B8AD7791CAB2}.Release|Any CPU.ActiveCfg = Release|Any CPU
		{2DE11DAB-9584-46BC-8C17-B8AD7791CAB2}.Release|Any CPU.Build.0 = Release|Any CPU
		{C13EC459-9A82-49F3-945B-BE49C70FECF6}.Debug|Any CPU.ActiveCfg = Debug|Any CPU
		{C13EC459-9A82-49F3-945B-BE49C70FECF6}.Debug|Any CPU.Build.0 = Debug|Any CPU
		{C13EC459-9A82-49F3-945B-BE49C70FECF6}.Release|Any CPU.ActiveCfg = Release|Any CPU
		{C13EC459-9A82-49F3-945B-BE49C70FECF6}.Release|Any CPU.Build.0 = Release|Any CPU
	EndGlobalSection
EndGlobal
